
Microsoft Visual Studio Solution File, Format Version 12.00
# Visual Studio Version 16
VisualStudioVersion = 16.0.29728.190
MinimumVisualStudioVersion = 10.0.40219.1
Project("{FAE04EC0-301F-11D3-BF4B-00C04F79EFBC}") = "SearchInvestigation", "SearchInvestigation\SearchInvestigation.csproj", "{91D1E25D-E5DD-41B6-876B-402D670FF27E}"
EndProject
Global
	GlobalSection(SolutionConfigurationPlatforms) = preSolution
		Debug|Any CPU = Debug|Any CPU
		Release|Any CPU = Release|Any CPU
	EndGlobalSection
	GlobalSection(ProjectConfigurationPlatforms) = postSolution
		{91D1E25D-E5DD-41B6-876B-402D670FF27E}.Debug|Any CPU.ActiveCfg = Debug|Any CPU
		{91D1E25D-E5DD-41B6-876B-402D670FF27E}.Debug|Any CPU.Build.0 = Debug|Any CPU
		{91D1E25D-E5DD-41B6-876B-402D670FF27E}.Release|Any CPU.ActiveCfg = Release|Any CPU
		{91D1E25D-E5DD-41B6-876B-402D670FF27E}.Release|Any CPU.Build.0 = Release|Any CPU
	EndGlobalSection
	GlobalSection(SolutionProperties) = preSolution
		HideSolutionNode = FALSE
	EndGlobalSection
	GlobalSection(ExtensibilityGlobals) = postSolution
		SolutionGuid = {476C04A1-3348-4247-8164-2B117D0B10D0}
	EndGlobalSection
EndGlobal
